version = 1
revision = 3
requires-python = ">=3.11"

[[package]]
name = "docx2txt"
version = "0.9"
source = { registry = "https://pypi.org/simple" }
sdist = { url = "https://files.pythonhosted.org/packages/ea/07/4486a038624e885e227fe79111914c01f55aa70a51920ff1a7f2bd216d10/docx2txt-0.9.tar.gz", hash = "sha256:18013f6229b14909028b19aa7bf4f8f3d6e4632d7b089ab29f7f0a4d1f660e28", size = 3613, upload-time = "2025-03-24T20:59:25.21Z" }
wheels = [
    { url = "https://files.pythonhosted.org/packages/d6/51/756e71bec48ece0ecc2a10e921ef2756e197dcb7e478f2b43673b6683902/docx2txt-0.9-py3-none-any.whl", hash = "sha256:e3718c0653fd6f2fcf4b51b02a61452ad1c38a4c163bcf0a6fd9486cd38f529a", size = 4025, upload-time = "2025-03-24T20:59:24.394Z" },
]

[[package]]
name = "repl-nix-workspace"
version = "0.1.0"
source = { virtual = "." }
dependencies = [
    { name = "docx2txt" },
]

[package.metadata]
requires-dist = [{ name = "docx2txt", specifier = ">=0.9" }]
